
Microsoft Visual Studio Solution File, Format Version 12.00
# Visual Studio Version 16
VisualStudioVersion = 16.0.28803.202
MinimumVisualStudioVersion = 10.0.40219.1
Project("{FAE04EC0-301F-11D3-BF4B-00C04F79EFBC}") = "2048", "2048\2048.csproj", "{07D09E17-81F0-488B-A98F-C95F8EB936A1}"
EndProject
Global
	GlobalSection(SolutionConfigurationPlatforms) = preSolution
		Debug|Any CPU = Debug|Any CPU
		Release|Any CPU = Release|Any CPU
	EndGlobalSection
	GlobalSection(ProjectConfigurationPlatforms) = postSolution
		{07D09E17-81F0-488B-A98F-C95F8EB936A1}.Debug|Any CPU.ActiveCfg = Debug|Any CPU
		{07D09E17-81F0-488B-A98F-C95F8EB936A1}.Debug|Any CPU.Build.0 = Debug|Any CPU
		{07D09E17-81F0-488B-A98F-C95F8EB936A1}.Release|Any CPU.ActiveCfg = Release|Any CPU
		{07D09E17-81F0-488B-A98F-C95F8EB936A1}.Release|Any CPU.Build.0 = Release|Any CPU
	EndGlobalSection
	GlobalSection(SolutionProperties) = preSolution
		HideSolutionNode = FALSE
	EndGlobalSection
	GlobalSection(ExtensibilityGlobals) = postSolution
		SolutionGuid = {FCBED4D9-83E0-456D-B9F9-DF3472A3B156}
	EndGlobalSection
EndGlobal
